
Microsoft Visual Studio Solution File, Format Version 12.00
# Visual Studio Version 16
VisualStudioVersion = 16.0.29009.5
MinimumVisualStudioVersion = 10.0.40219.1
Project("{FAE04EC0-301F-11D3-BF4B-00C04F79EFBC}") = "Identity_User_Framework", "Identity User Framework\Identity_User_Framework.csproj", "{82C112B1-6835-4A98-93D1-FEF9794BA536}"
EndProject
Global
	GlobalSection(SolutionConfigurationPlatforms) = preSolution
		Debug|Any CPU = Debug|Any CPU
		Release|Any CPU = Release|Any CPU
	EndGlobalSection
	GlobalSection(ProjectConfigurationPlatforms) = postSolution
		{82C112B1-6835-4A98-93D1-FEF9794BA536}.Debug|Any CPU.ActiveCfg = Debug|Any CPU
		{82C112B1-6835-4A98-93D1-FEF9794BA536}.Debug|Any CPU.Build.0 = Debug|Any CPU
		{82C112B1-6835-4A98-93D1-FEF9794BA536}.Release|Any CPU.ActiveCfg = Release|Any CPU
		{82C112B1-6835-4A98-93D1-FEF9794BA536}.Release|Any CPU.Build.0 = Release|Any CPU
	EndGlobalSection
	GlobalSection(SolutionProperties) = preSolution
		HideSolutionNode = FALSE
	EndGlobalSection
	GlobalSection(ExtensibilityGlobals) = postSolution
		SolutionGuid = {DB1DDA3F-1C98-4E46-8804-3F6A4E98D763}
	EndGlobalSection
EndGlobal
